
Microsoft Visual Studio Solution File, Format Version 12.00
# Visual Studio Version 17
VisualStudioVersion = 17.6.33712.159
MinimumVisualStudioVersion = 10.0.40219.1
Project("{FAE04EC0-301F-11D3-BF4B-00C04F79EFBC}") = "HW_WPF_03_07_2023", "HW_WPF_03_07_2023\HW_WPF_03_07_2023.csproj", "{5DE373DC-B4B6-44B4-93BB-F83E8B1D666E}"
EndProject
Global
	GlobalSection(SolutionConfigurationPlatforms) = preSolution
		Debug|Any CPU = Debug|Any CPU
		Release|Any CPU = Release|Any CPU
	EndGlobalSection
	GlobalSection(ProjectConfigurationPlatforms) = postSolution
		{5DE373DC-B4B6-44B4-93BB-F83E8B1D666E}.Debug|Any CPU.ActiveCfg = Debug|Any CPU
		{5DE373DC-B4B6-44B4-93BB-F83E8B1D666E}.Debug|Any CPU.Build.0 = Debug|Any CPU
		{5DE373DC-B4B6-44B4-93BB-F83E8B1D666E}.Release|Any CPU.ActiveCfg = Release|Any CPU
		{5DE373DC-B4B6-44B4-93BB-F83E8B1D666E}.Release|Any CPU.Build.0 = Release|Any CPU
	EndGlobalSection
	GlobalSection(SolutionProperties) = preSolution
		HideSolutionNode = FALSE
	EndGlobalSection
	GlobalSection(ExtensibilityGlobals) = postSolution
		SolutionGuid = {1736C3DE-F367-4B8D-A547-D1B7D1FAD8A0}
	EndGlobalSection
EndGlobal
